
Microsoft Visual Studio Solution File, Format Version 12.00
# Visual Studio Version 17
VisualStudioVersion = 17.2.32630.192
MinimumVisualStudioVersion = 10.0.40219.1
Project("{9A19103F-16F7-4668-BE54-9A1E7A4F7556}") = "TechTask", "TechTask\TechTask.csproj", "{7B396CC5-B4F2-42A4-8230-5214FB8BDED2}"
EndProject
Global
	GlobalSection(SolutionConfigurationPlatforms) = preSolution
		Debug|Any CPU = Debug|Any CPU
		Release|Any CPU = Release|Any CPU
	EndGlobalSection
	GlobalSection(ProjectConfigurationPlatforms) = postSolution
		{7B396CC5-B4F2-42A4-8230-5214FB8BDED2}.Debug|Any CPU.ActiveCfg = Debug|Any CPU
		{7B396CC5-B4F2-42A4-8230-5214FB8BDED2}.Debug|Any CPU.Build.0 = Debug|Any CPU
		{7B396CC5-B4F2-42A4-8230-5214FB8BDED2}.Release|Any CPU.ActiveCfg = Release|Any CPU
		{7B396CC5-B4F2-42A4-8230-5214FB8BDED2}.Release|Any CPU.Build.0 = Release|Any CPU
	EndGlobalSection
	GlobalSection(SolutionProperties) = preSolution
		HideSolutionNode = FALSE
	EndGlobalSection
	GlobalSection(ExtensibilityGlobals) = postSolution
		SolutionGuid = {4839EAB3-754D-4D8E-8D7B-9FF9E54DAEEF}
	EndGlobalSection
EndGlobal
